// !$*UTF8*$!
{
	archiveVersion = 1;
	classes = {
	};
	objectVersion = 56;
	objects = {

/* Begin PBXBuildFile section */
		288CA9672C249C5900D8E01E /* AppDelegate.swift in Sources */ = {isa = PBXBuildFile; fileRef = 288CA9662C249C5900D8E01E /* AppDelegate.swift */; };
		288CA9692C249C5900D8E01E /* SceneDelegate.swift in Sources */ = {isa = PBXBuildFile; fileRef = 288CA9682C249C5900D8E01E /* SceneDelegate.swift */; };
		288CA96B2C249C5900D8E01E /* ViewController.swift in Sources */ = {isa = PBXBuildFile; fileRef = 288CA96A2C249C5900D8E01E /* ViewController.swift */; };
		288CA9702C249C5B00D8E01E /* Assets.xcassets in Resources */ = {isa = PBXBuildFile; fileRef = 288CA96F2C249C5B00D8E01E /* Assets.xcassets */; };
		288CA9732C249C5B00D8E01E /* Base in Resources */ = {isa = PBXBuildFile; fileRef = 288CA9722C249C5B00D8E01E /* Base */; };
		288CA9822C24A48C00D8E01E /* Coordinator.swift in Sources */ = {isa = PBXBuildFile; fileRef = 288CA9812C24A48C00D8E01E /* Coordinator.swift */; };
		288CA9842C24A4A800D8E01E /* MainCoordinator.swift in Sources */ = {isa = PBXBuildFile; fileRef = 288CA9832C24A4A800D8E01E /* MainCoordinator.swift */; };
		288CA98C2C24A6F200D8E01E /* CoinsViewModel.swift in Sources */ = {isa = PBXBuildFile; fileRef = 288CA98B2C24A6F200D8E01E /* CoinsViewModel.swift */; };
		288CA98E2C24A6FD00D8E01E /* CoinsModel.swift in Sources */ = {isa = PBXBuildFile; fileRef = 288CA98D2C24A6FD00D8E01E /* CoinsModel.swift */; };
		288CA9902C24A74700D8E01E /* CoinsView.swift in Sources */ = {isa = PBXBuildFile; fileRef = 288CA98F2C24A74700D8E01E /* CoinsView.swift */; };
		5545E8442C2B35EB001DB647 /* Models.swift in Sources */ = {isa = PBXBuildFile; fileRef = 5545E8432C2B35EB001DB647 /* Models.swift */; };
		5545E8462C2B3F19001DB647 /* DataController.swift in Sources */ = {isa = PBXBuildFile; fileRef = 5545E8452C2B3F19001DB647 /* DataController.swift */; };
		9B2429C22C2B684D007CC7F1 /* CoinThatWant.swift in Sources */ = {isa = PBXBuildFile; fileRef = 9B2429BF2C2B684C007CC7F1 /* CoinThatWant.swift */; };
		9B2429C32C2B684D007CC7F1 /* TextFieldComponent.swift in Sources */ = {isa = PBXBuildFile; fileRef = 9B2429C02C2B684C007CC7F1 /* TextFieldComponent.swift */; };
		9B2429C42C2B684D007CC7F1 /* CoinThatHaveView.swift in Sources */ = {isa = PBXBuildFile; fileRef = 9B2429C12C2B684C007CC7F1 /* CoinThatHaveView.swift */; };
		9B79E45F2C2A0B7800599B11 /* CoinModel.swift in Sources */ = {isa = PBXBuildFile; fileRef = 9B79E45E2C2A0B7800599B11 /* CoinModel.swift */; };
		9B79E4612C2A0B8200599B11 /* CoinViewModel.swift in Sources */ = {isa = PBXBuildFile; fileRef = 9B79E4602C2A0B8200599B11 /* CoinViewModel.swift */; };
		9B79E4652C2A0BAA00599B11 /* CoinView.swift in Sources */ = {isa = PBXBuildFile; fileRef = 9B79E4642C2A0BAA00599B11 /* CoinView.swift */; };
		B3D036622C2C3C3300ACE5D0 /* ExtractModel.swift in Sources */ = {isa = PBXBuildFile; fileRef = B3D0365A2C2C3C3300ACE5D0 /* ExtractModel.swift */; };
		B3D036632C2C3C3300ACE5D0 /* CustomCell.swift in Sources */ = {isa = PBXBuildFile; fileRef = B3D0365C2C2C3C3300ACE5D0 /* CustomCell.swift */; };
		B3D036642C2C3C3300ACE5D0 /* ExtractView.swift in Sources */ = {isa = PBXBuildFile; fileRef = B3D0365D2C2C3C3300ACE5D0 /* ExtractView.swift */; };
		B3D036652C2C3C3300ACE5D0 /* ExtractViewModel.swift in Sources */ = {isa = PBXBuildFile; fileRef = B3D0365F2C2C3C3300ACE5D0 /* ExtractViewModel.swift */; };
		D3DBA2022C24CD7900C32C7D /* ServiceManager.swift in Sources */ = {isa = PBXBuildFile; fileRef = D3DBA2012C24CD7900C32C7D /* ServiceManager.swift */; };
		D3DBA2162C25EA4E00C32C7D /* ServiceManagerTests.swift in Sources */ = {isa = PBXBuildFile; fileRef = D3DBA2152C25EA4E00C32C7D /* ServiceManagerTests.swift */; };
/* End PBXBuildFile section */

/* Begin PBXContainerItemProxy section */
		D3DBA20B2C25C04D00C32C7D /* PBXContainerItemProxy */ = {
			isa = PBXContainerItemProxy;
			containerPortal = 288CA95B2C249C5900D8E01E /* Project object */;
			proxyType = 1;
			remoteGlobalIDString = 288CA9622C249C5900D8E01E;
			remoteInfo = CryptoPaper;
		};
/* End PBXContainerItemProxy section */

/* Begin PBXFileReference section */
		288CA9632C249C5900D8E01E /* CryptoPaper.app */ = {isa = PBXFileReference; explicitFileType = wrapper.application; includeInIndex = 0; path = CryptoPaper.app; sourceTree = BUILT_PRODUCTS_DIR; };
		288CA9662C249C5900D8E01E /* AppDelegate.swift */ = {isa = PBXFileReference; lastKnownFileType = sourcecode.swift; path = AppDelegate.swift; sourceTree = "<group>"; };
		288CA9682C249C5900D8E01E /* SceneDelegate.swift */ = {isa = PBXFileReference; lastKnownFileType = sourcecode.swift; path = SceneDelegate.swift; sourceTree = "<group>"; };
		288CA96A2C249C5900D8E01E /* ViewController.swift */ = {isa = PBXFileReference; lastKnownFileType = sourcecode.swift; path = ViewController.swift; sourceTree = "<group>"; };
		288CA96F2C249C5B00D8E01E /* Assets.xcassets */ = {isa = PBXFileReference; lastKnownFileType = folder.assetcatalog; path = Assets.xcassets; sourceTree = "<group>"; };
		288CA9722C249C5B00D8E01E /* Base */ = {isa = PBXFileReference; lastKnownFileType = file.storyboard; name = Base; path = Base.lproj/LaunchScreen.storyboard; sourceTree = "<group>"; };
		288CA9742C249C5B00D8E01E /* Info.plist */ = {isa = PBXFileReference; lastKnownFileType = text.plist.xml; path = Info.plist; sourceTree = "<group>"; };
		288CA9812C24A48C00D8E01E /* Coordinator.swift */ = {isa = PBXFileReference; lastKnownFileType = sourcecode.swift; path = Coordinator.swift; sourceTree = "<group>"; };
		288CA9832C24A4A800D8E01E /* MainCoordinator.swift */ = {isa = PBXFileReference; lastKnownFileType = sourcecode.swift; path = MainCoordinator.swift; sourceTree = "<group>"; };
		288CA98B2C24A6F200D8E01E /* CoinsViewModel.swift */ = {isa = PBXFileReference; lastKnownFileType = sourcecode.swift; path = CoinsViewModel.swift; sourceTree = "<group>"; };
		288CA98D2C24A6FD00D8E01E /* CoinsModel.swift */ = {isa = PBXFileReference; lastKnownFileType = sourcecode.swift; path = CoinsModel.swift; sourceTree = "<group>"; };
		288CA98F2C24A74700D8E01E /* CoinsView.swift */ = {isa = PBXFileReference; lastKnownFileType = sourcecode.swift; path = CoinsView.swift; sourceTree = "<group>"; };
		5545E8432C2B35EB001DB647 /* Models.swift */ = {isa = PBXFileReference; lastKnownFileType = sourcecode.swift; path = Models.swift; sourceTree = "<group>"; };
		5545E8452C2B3F19001DB647 /* DataController.swift */ = {isa = PBXFileReference; lastKnownFileType = sourcecode.swift; path = DataController.swift; sourceTree = "<group>"; };
		9B2429BF2C2B684C007CC7F1 /* CoinThatWant.swift */ = {isa = PBXFileReference; fileEncoding = 4; lastKnownFileType = sourcecode.swift; name = CoinThatWant.swift; path = CryptoPaper/Views/Coin/Components/CoinThatWant.swift; sourceTree = SOURCE_ROOT; };
		9B2429C02C2B684C007CC7F1 /* TextFieldComponent.swift */ = {isa = PBXFileReference; fileEncoding = 4; lastKnownFileType = sourcecode.swift; name = TextFieldComponent.swift; path = CryptoPaper/Views/Coin/Components/TextFieldComponent.swift; sourceTree = SOURCE_ROOT; };
		9B2429C12C2B684C007CC7F1 /* CoinThatHaveView.swift */ = {isa = PBXFileReference; fileEncoding = 4; lastKnownFileType = sourcecode.swift; name = CoinThatHaveView.swift; path = CryptoPaper/Views/Coin/Components/CoinThatHaveView.swift; sourceTree = SOURCE_ROOT; };
		9B79E45E2C2A0B7800599B11 /* CoinModel.swift */ = {isa = PBXFileReference; lastKnownFileType = sourcecode.swift; path = CoinModel.swift; sourceTree = "<group>"; };
		9B79E4602C2A0B8200599B11 /* CoinViewModel.swift */ = {isa = PBXFileReference; lastKnownFileType = sourcecode.swift; path = CoinViewModel.swift; sourceTree = "<group>"; };
		9B79E4642C2A0BAA00599B11 /* CoinView.swift */ = {isa = PBXFileReference; lastKnownFileType = sourcecode.swift; path = CoinView.swift; sourceTree = "<group>"; };
		B3D0365A2C2C3C3300ACE5D0 /* ExtractModel.swift */ = {isa = PBXFileReference; fileEncoding = 4; lastKnownFileType = sourcecode.swift; path = ExtractModel.swift; sourceTree = "<group>"; };
		B3D0365C2C2C3C3300ACE5D0 /* CustomCell.swift */ = {isa = PBXFileReference; fileEncoding = 4; lastKnownFileType = sourcecode.swift; path = CustomCell.swift; sourceTree = "<group>"; };
		B3D0365D2C2C3C3300ACE5D0 /* ExtractView.swift */ = {isa = PBXFileReference; fileEncoding = 4; lastKnownFileType = sourcecode.swift; path = ExtractView.swift; sourceTree = "<group>"; };
		B3D0365F2C2C3C3300ACE5D0 /* ExtractViewModel.swift */ = {isa = PBXFileReference; fileEncoding = 4; lastKnownFileType = sourcecode.swift; path = ExtractViewModel.swift; sourceTree = "<group>"; };
		D3DBA2012C24CD7900C32C7D /* ServiceManager.swift */ = {isa = PBXFileReference; lastKnownFileType = sourcecode.swift; name = ServiceManager.swift; path = CryptoPaper/ServiceManager.swift; sourceTree = SOURCE_ROOT; };
		D3DBA2072C25C04D00C32C7D /* CryptoPaperTests.xctest */ = {isa = PBXFileReference; explicitFileType = wrapper.cfbundle; includeInIndex = 0; path = CryptoPaperTests.xctest; sourceTree = BUILT_PRODUCTS_DIR; };
		D3DBA2152C25EA4E00C32C7D /* ServiceManagerTests.swift */ = {isa = PBXFileReference; lastKnownFileType = sourcecode.swift; path = ServiceManagerTests.swift; sourceTree = "<group>"; };
/* End PBXFileReference section */

/* Begin PBXFrameworksBuildPhase section */
		288CA9602C249C5900D8E01E /* Frameworks */ = {
			isa = PBXFrameworksBuildPhase;
			buildActionMask = 2147483647;
			files = (
			);
			runOnlyForDeploymentPostprocessing = 0;
		};
		D3DBA2042C25C04D00C32C7D /* Frameworks */ = {
			isa = PBXFrameworksBuildPhase;
			buildActionMask = 2147483647;
			files = (
			);
			runOnlyForDeploymentPostprocessing = 0;
		};
/* End PBXFrameworksBuildPhase section */

/* Begin PBXGroup section */
		288CA95A2C249C5900D8E01E = {
			isa = PBXGroup;
			children = (
				288CA9652C249C5900D8E01E /* CryptoPaper */,
				D3DBA2082C25C04D00C32C7D /* CryptoPaperTests */,
				288CA9642C249C5900D8E01E /* Products */,
			);
			sourceTree = "<group>";
		};
		288CA9642C249C5900D8E01E /* Products */ = {
			isa = PBXGroup;
			children = (
				288CA9632C249C5900D8E01E /* CryptoPaper.app */,
				D3DBA2072C25C04D00C32C7D /* CryptoPaperTests.xctest */,
			);
			name = Products;
			sourceTree = "<group>";
		};
		288CA9652C249C5900D8E01E /* CryptoPaper */ = {
			isa = PBXGroup;
			children = (
				5545E8422C2B35D1001DB647 /* SwiftData */,
				288CA97E2C24A43600D8E01E /* Views */,
				288CA9802C24A44E00D8E01E /* Coordinator */,
				288CA97F2C24A44000D8E01E /* Service */,
				288CA97D2C24A42800D8E01E /* Assets */,
				288CA97A2C249CE600D8E01E /* Shared */,
				288CA96A2C249C5900D8E01E /* ViewController.swift */,
				288CA9742C249C5B00D8E01E /* Info.plist */,
			);
			path = CryptoPaper;
			sourceTree = "<group>";
		};
		288CA97A2C249CE600D8E01E /* Shared */ = {
			isa = PBXGroup;
			children = (
				288CA9682C249C5900D8E01E /* SceneDelegate.swift */,
				288CA9662C249C5900D8E01E /* AppDelegate.swift */,
			);
			path = Shared;
			sourceTree = "<group>";
		};
		288CA97D2C24A42800D8E01E /* Assets */ = {
			isa = PBXGroup;
			children = (
				288CA9712C249C5B00D8E01E /* LaunchScreen.storyboard */,
				288CA96F2C249C5B00D8E01E /* Assets.xcassets */,
			);
			path = Assets;
			sourceTree = "<group>";
		};
		288CA97E2C24A43600D8E01E /* Views */ = {
			isa = PBXGroup;
			children = (
				B3D036612C2C3C3300ACE5D0 /* Extract */,
				9B79E45A2C2A0B5000599B11 /* Coin */,
				288CA9872C24A6C000D8E01E /* Coins */,
			);
			path = Views;
			sourceTree = "<group>";
		};
		288CA97F2C24A44000D8E01E /* Service */ = {
			isa = PBXGroup;
			children = (
				D3DBA2012C24CD7900C32C7D /* ServiceManager.swift */,
			);
			path = Service;
			sourceTree = "<group>";
		};
		288CA9802C24A44E00D8E01E /* Coordinator */ = {
			isa = PBXGroup;
			children = (
				288CA9812C24A48C00D8E01E /* Coordinator.swift */,
				288CA9832C24A4A800D8E01E /* MainCoordinator.swift */,
			);
			path = Coordinator;
			sourceTree = "<group>";
		};
		288CA9872C24A6C000D8E01E /* Coins */ = {
			isa = PBXGroup;
			children = (
				288CA9882C24A6CE00D8E01E /* View */,
				288CA9892C24A6D200D8E01E /* ViewModel */,
				288CA98A2C24A6DA00D8E01E /* Model */,
			);
			path = Coins;
			sourceTree = "<group>";
		};
		288CA9882C24A6CE00D8E01E /* View */ = {
			isa = PBXGroup;
			children = (
				288CA98F2C24A74700D8E01E /* CoinsView.swift */,
			);
			path = View;
			sourceTree = "<group>";
		};
		288CA9892C24A6D200D8E01E /* ViewModel */ = {
			isa = PBXGroup;
			children = (
				288CA98B2C24A6F200D8E01E /* CoinsViewModel.swift */,
			);
			path = ViewModel;
			sourceTree = "<group>";
		};
		288CA98A2C24A6DA00D8E01E /* Model */ = {
			isa = PBXGroup;
			children = (
				288CA98D2C24A6FD00D8E01E /* CoinsModel.swift */,
			);
			path = Model;
			sourceTree = "<group>";
		};
		5545E8422C2B35D1001DB647 /* SwiftData */ = {
			isa = PBXGroup;
			children = (
				5545E8432C2B35EB001DB647 /* Models.swift */,
				5545E8452C2B3F19001DB647 /* DataController.swift */,
			);
			path = SwiftData;
			sourceTree = "<group>";
		};
		9B79E45A2C2A0B5000599B11 /* Coin */ = {
			isa = PBXGroup;
			children = (
				9B79E4662C2B40F300599B11 /* Components */,
				9B79E45D2C2A0B6700599B11 /* Model */,
				9B79E45C2C2A0B5F00599B11 /* ViewModel */,
				9B79E45B2C2A0B5900599B11 /* View */,
			);
			path = Coin;
			sourceTree = "<group>";
		};
		9B79E45B2C2A0B5900599B11 /* View */ = {
			isa = PBXGroup;
			children = (
				9B79E4642C2A0BAA00599B11 /* CoinView.swift */,
			);
			path = View;
			sourceTree = "<group>";
		};
		9B79E45C2C2A0B5F00599B11 /* ViewModel */ = {
			isa = PBXGroup;
			children = (
				9B79E4602C2A0B8200599B11 /* CoinViewModel.swift */,
			);
			path = ViewModel;
			sourceTree = "<group>";
		};
		9B79E45D2C2A0B6700599B11 /* Model */ = {
			isa = PBXGroup;
			children = (
				9B79E45E2C2A0B7800599B11 /* CoinModel.swift */,
			);
			path = Model;
			sourceTree = "<group>";
		};
		9B79E4662C2B40F300599B11 /* Components */ = {
			isa = PBXGroup;
			children = (
				9B2429C12C2B684C007CC7F1 /* CoinThatHaveView.swift */,
				9B2429BF2C2B684C007CC7F1 /* CoinThatWant.swift */,
				9B2429C02C2B684C007CC7F1 /* TextFieldComponent.swift */,
			);
			path = Components;
			sourceTree = "<unknown>";
		};
		B3D0365B2C2C3C3300ACE5D0 /* Model */ = {
			isa = PBXGroup;
			children = (
				B3D0365A2C2C3C3300ACE5D0 /* ExtractModel.swift */,
			);
			path = Model;
			sourceTree = "<group>";
		};
		B3D0365E2C2C3C3300ACE5D0 /* View */ = {
			isa = PBXGroup;
			children = (
				B3D0365D2C2C3C3300ACE5D0 /* ExtractView.swift */,
			);
			path = View;
			sourceTree = "<group>";
		};
		B3D036602C2C3C3300ACE5D0 /* ViewModel */ = {
			isa = PBXGroup;
			children = (
				B3D0365F2C2C3C3300ACE5D0 /* ExtractViewModel.swift */,
			);
			path = ViewModel;
			sourceTree = "<group>";
		};
		B3D036612C2C3C3300ACE5D0 /* Extract */ = {
			isa = PBXGroup;
			children = (
				B3D036662C2C3C5A00ACE5D0 /* Components */,
				B3D0365B2C2C3C3300ACE5D0 /* Model */,
				B3D0365E2C2C3C3300ACE5D0 /* View */,
				B3D036602C2C3C3300ACE5D0 /* ViewModel */,
			);
			path = Extract;
			sourceTree = "<group>";
		};
		B3D036662C2C3C5A00ACE5D0 /* Components */ = {
			isa = PBXGroup;
			children = (
				B3D0365C2C2C3C3300ACE5D0 /* CustomCell.swift */,
			);
			path = Components;
			sourceTree = "<group>";
		};
		D3DBA2082C25C04D00C32C7D /* CryptoPaperTests */ = {
			isa = PBXGroup;
			children = (
				D3DBA2152C25EA4E00C32C7D /* ServiceManagerTests.swift */,
			);
			path = CryptoPaperTests;
			sourceTree = "<group>";
		};
/* End PBXGroup section */

/* Begin PBXNativeTarget section */
		288CA9622C249C5900D8E01E /* CryptoPaper */ = {
			isa = PBXNativeTarget;
			buildConfigurationList = 288CA9772C249C5B00D8E01E /* Build configuration list for PBXNativeTarget "CryptoPaper" */;
			buildPhases = (
				288CA95F2C249C5900D8E01E /* Sources */,
				288CA9602C249C5900D8E01E /* Frameworks */,
				288CA9612C249C5900D8E01E /* Resources */,
			);
			buildRules = (
			);
			dependencies = (
			);
			name = CryptoPaper;
			productName = CryptoPaper;
			productReference = 288CA9632C249C5900D8E01E /* CryptoPaper.app */;
			productType = "com.apple.product-type.application";
		};
		D3DBA2062C25C04D00C32C7D /* CryptoPaperTests */ = {
			isa = PBXNativeTarget;
			buildConfigurationList = D3DBA20D2C25C04D00C32C7D /* Build configuration list for PBXNativeTarget "CryptoPaperTests" */;
			buildPhases = (
				D3DBA2032C25C04D00C32C7D /* Sources */,
				D3DBA2042C25C04D00C32C7D /* Frameworks */,
				D3DBA2052C25C04D00C32C7D /* Resources */,
			);
			buildRules = (
			);
			dependencies = (
				D3DBA20C2C25C04D00C32C7D /* PBXTargetDependency */,
			);
			name = CryptoPaperTests;
			productName = CryptoPaperTests;
			productReference = D3DBA2072C25C04D00C32C7D /* CryptoPaperTests.xctest */;
			productType = "com.apple.product-type.bundle.unit-test";
		};
/* End PBXNativeTarget section */

/* Begin PBXProject section */
		288CA95B2C249C5900D8E01E /* Project object */ = {
			isa = PBXProject;
			attributes = {
				BuildIndependentTargetsInParallel = 1;
				LastSwiftUpdateCheck = 1540;
				LastUpgradeCheck = 1540;
				TargetAttributes = {
					288CA9622C249C5900D8E01E = {
						CreatedOnToolsVersion = 15.4;
					};
					D3DBA2062C25C04D00C32C7D = {
						CreatedOnToolsVersion = 15.4;
						LastSwiftMigration = 1540;
						TestTargetID = 288CA9622C249C5900D8E01E;
					};
				};
			};
			buildConfigurationList = 288CA95E2C249C5900D8E01E /* Build configuration list for PBXProject "CryptoPaper" */;
			compatibilityVersion = "Xcode 14.0";
			developmentRegion = en;
			hasScannedForEncodings = 0;
			knownRegions = (
				en,
				Base,
			);
			mainGroup = 288CA95A2C249C5900D8E01E;
			productRefGroup = 288CA9642C249C5900D8E01E /* Products */;
			projectDirPath = "";
			projectRoot = "";
			targets = (
				288CA9622C249C5900D8E01E /* CryptoPaper */,
				D3DBA2062C25C04D00C32C7D /* CryptoPaperTests */,
			);
		};
/* End PBXProject section */

/* Begin PBXResourcesBuildPhase section */
		288CA9612C249C5900D8E01E /* Resources */ = {
			isa = PBXResourcesBuildPhase;
			buildActionMask = 2147483647;
			files = (
				288CA9702C249C5B00D8E01E /* Assets.xcassets in Resources */,
				288CA9732C249C5B00D8E01E /* Base in Resources */,
			);
			runOnlyForDeploymentPostprocessing = 0;
		};
		D3DBA2052C25C04D00C32C7D /* Resources */ = {
			isa = PBXResourcesBuildPhase;
			buildActionMask = 2147483647;
			files = (
			);
			runOnlyForDeploymentPostprocessing = 0;
		};
/* End PBXResourcesBuildPhase section */

/* Begin PBXSourcesBuildPhase section */
		288CA95F2C249C5900D8E01E /* Sources */ = {
			isa = PBXSourcesBuildPhase;
			buildActionMask = 2147483647;
			files = (
				9B79E45F2C2A0B7800599B11 /* CoinModel.swift in Sources */,
				B3D036622C2C3C3300ACE5D0 /* ExtractModel.swift in Sources */,
				B3D036642C2C3C3300ACE5D0 /* ExtractView.swift in Sources */,
				9B2429C42C2B684D007CC7F1 /* CoinThatHaveView.swift in Sources */,
				288CA98E2C24A6FD00D8E01E /* CoinsModel.swift in Sources */,
				9B2429C22C2B684D007CC7F1 /* CoinThatWant.swift in Sources */,
				288CA9902C24A74700D8E01E /* CoinsView.swift in Sources */,
				288CA9822C24A48C00D8E01E /* Coordinator.swift in Sources */,
				288CA98C2C24A6F200D8E01E /* CoinsViewModel.swift in Sources */,
				B3D036632C2C3C3300ACE5D0 /* CustomCell.swift in Sources */,
				288CA96B2C249C5900D8E01E /* ViewController.swift in Sources */,
				B3D036652C2C3C3300ACE5D0 /* ExtractViewModel.swift in Sources */,
				5545E8462C2B3F19001DB647 /* DataController.swift in Sources */,
				D3DBA2022C24CD7900C32C7D /* ServiceManager.swift in Sources */,
				288CA9672C249C5900D8E01E /* AppDelegate.swift in Sources */,
				9B79E4612C2A0B8200599B11 /* CoinViewModel.swift in Sources */,
				9B79E4652C2A0BAA00599B11 /* CoinView.swift in Sources */,
				288CA9842C24A4A800D8E01E /* MainCoordinator.swift in Sources */,
				288CA9692C249C5900D8E01E /* SceneDelegate.swift in Sources */,
				9B2429C32C2B684D007CC7F1 /* TextFieldComponent.swift in Sources */,
				5545E8442C2B35EB001DB647 /* Models.swift in Sources */,
			);
			runOnlyForDeploymentPostprocessing = 0;
		};
		D3DBA2032C25C04D00C32C7D /* Sources */ = {
			isa = PBXSourcesBuildPhase;
			buildActionMask = 2147483647;
			files = (
				D3DBA2162C25EA4E00C32C7D /* ServiceManagerTests.swift in Sources */,
			);
			runOnlyForDeploymentPostprocessing = 0;
		};
/* End PBXSourcesBuildPhase section */

/* Begin PBXTargetDependency section */
		D3DBA20C2C25C04D00C32C7D /* PBXTargetDependency */ = {
			isa = PBXTargetDependency;
			target = 288CA9622C249C5900D8E01E /* CryptoPaper */;
			targetProxy = D3DBA20B2C25C04D00C32C7D /* PBXContainerItemProxy */;
		};
/* End PBXTargetDependency section */

/* Begin PBXVariantGroup section */
		288CA9712C249C5B00D8E01E /* LaunchScreen.storyboard */ = {
			isa = PBXVariantGroup;
			children = (
				288CA9722C249C5B00D8E01E /* Base */,
			);
			name = LaunchScreen.storyboard;
			sourceTree = "<group>";
		};
/* End PBXVariantGroup section */

/* Begin XCBuildConfiguration section */
		288CA9752C249C5B00D8E01E /* Debug */ = {
			isa = XCBuildConfiguration;
			buildSettings = {
				ALWAYS_SEARCH_USER_PATHS = NO;
				ASSETCATALOG_COMPILER_GENERATE_SWIFT_ASSET_SYMBOL_EXTENSIONS = YES;
				CLANG_ANALYZER_NONNULL = YES;
				CLANG_ANALYZER_NUMBER_OBJECT_CONVERSION = YES_AGGRESSIVE;
				CLANG_CXX_LANGUAGE_STANDARD = "gnu++20";
				CLANG_ENABLE_MODULES = YES;
				CLANG_ENABLE_OBJC_ARC = YES;
				CLANG_ENABLE_OBJC_WEAK = YES;
				CLANG_WARN_BLOCK_CAPTURE_AUTORELEASING = YES;
				CLANG_WARN_BOOL_CONVERSION = YES;
				CLANG_WARN_COMMA = YES;
				CLANG_WARN_CONSTANT_CONVERSION = YES;
				CLANG_WARN_DEPRECATED_OBJC_IMPLEMENTATIONS = YES;
				CLANG_WARN_DIRECT_OBJC_ISA_USAGE = YES_ERROR;
				CLANG_WARN_DOCUMENTATION_COMMENTS = YES;
				CLANG_WARN_EMPTY_BODY = YES;
				CLANG_WARN_ENUM_CONVERSION = YES;
				CLANG_WARN_INFINITE_RECURSION = YES;
				CLANG_WARN_INT_CONVERSION = YES;
				CLANG_WARN_NON_LITERAL_NULL_CONVERSION = YES;
				CLANG_WARN_OBJC_IMPLICIT_RETAIN_SELF = YES;
				CLANG_WARN_OBJC_LITERAL_CONVERSION = YES;
				CLANG_WARN_OBJC_ROOT_CLASS = YES_ERROR;
				CLANG_WARN_QUOTED_INCLUDE_IN_FRAMEWORK_HEADER = YES;
				CLANG_WARN_RANGE_LOOP_ANALYSIS = YES;
				CLANG_WARN_STRICT_PROTOTYPES = YES;
				CLANG_WARN_SUSPICIOUS_MOVE = YES;
				CLANG_WARN_UNGUARDED_AVAILABILITY = YES_AGGRESSIVE;
				CLANG_WARN_UNREACHABLE_CODE = YES;
				CLANG_WARN__DUPLICATE_METHOD_MATCH = YES;
				COPY_PHASE_STRIP = NO;
				DEBUG_INFORMATION_FORMAT = dwarf;
				ENABLE_STRICT_OBJC_MSGSEND = YES;
				ENABLE_TESTABILITY = YES;
				ENABLE_USER_SCRIPT_SANDBOXING = YES;
				GCC_C_LANGUAGE_STANDARD = gnu17;
				GCC_DYNAMIC_NO_PIC = NO;
				GCC_NO_COMMON_BLOCKS = YES;
				GCC_OPTIMIZATION_LEVEL = 0;
				GCC_PREPROCESSOR_DEFINITIONS = (
					"DEBUG=1",
					"$(inherited)",
				);
				GCC_WARN_64_TO_32_BIT_CONVERSION = YES;
				GCC_WARN_ABOUT_RETURN_TYPE = YES_ERROR;
				GCC_WARN_UNDECLARED_SELECTOR = YES;
				GCC_WARN_UNINITIALIZED_AUTOS = YES_AGGRESSIVE;
				GCC_WARN_UNUSED_FUNCTION = YES;
				GCC_WARN_UNUSED_VARIABLE = YES;
				IPHONEOS_DEPLOYMENT_TARGET = 17.5;
				LOCALIZATION_PREFERS_STRING_CATALOGS = YES;
				MTL_ENABLE_DEBUG_INFO = INCLUDE_SOURCE;
				MTL_FAST_MATH = YES;
				ONLY_ACTIVE_ARCH = YES;
				SDKROOT = iphoneos;
				SWIFT_ACTIVE_COMPILATION_CONDITIONS = "DEBUG $(inherited)";
				SWIFT_OPTIMIZATION_LEVEL = "-Onone";
			};
			name = Debug;
		};
		288CA9762C249C5B00D8E01E /* Release */ = {
			isa = XCBuildConfiguration;
			buildSettings = {
				ALWAYS_SEARCH_USER_PATHS = NO;
				ASSETCATALOG_COMPILER_GENERATE_SWIFT_ASSET_SYMBOL_EXTENSIONS = YES;
				CLANG_ANALYZER_NONNULL = YES;
				CLANG_ANALYZER_NUMBER_OBJECT_CONVERSION = YES_AGGRESSIVE;
				CLANG_CXX_LANGUAGE_STANDARD = "gnu++20";
				CLANG_ENABLE_MODULES = YES;
				CLANG_ENABLE_OBJC_ARC = YES;
				CLANG_ENABLE_OBJC_WEAK = YES;
				CLANG_WARN_BLOCK_CAPTURE_AUTORELEASING = YES;
				CLANG_WARN_BOOL_CONVERSION = YES;
				CLANG_WARN_COMMA = YES;
				CLANG_WARN_CONSTANT_CONVERSION = YES;
				CLANG_WARN_DEPRECATED_OBJC_IMPLEMENTATIONS = YES;
				CLANG_WARN_DIRECT_OBJC_ISA_USAGE = YES_ERROR;
				CLANG_WARN_DOCUMENTATION_COMMENTS = YES;
				CLANG_WARN_EMPTY_BODY = YES;
				CLANG_WARN_ENUM_CONVERSION = YES;
				CLANG_WARN_INFINITE_RECURSION = YES;
				CLANG_WARN_INT_CONVERSION = YES;
				CLANG_WARN_NON_LITERAL_NULL_CONVERSION = YES;
				CLANG_WARN_OBJC_IMPLICIT_RETAIN_SELF = YES;
				CLANG_WARN_OBJC_LITERAL_CONVERSION = YES;
				CLANG_WARN_OBJC_ROOT_CLASS = YES_ERROR;
				CLANG_WARN_QUOTED_INCLUDE_IN_FRAMEWORK_HEADER = YES;
				CLANG_WARN_RANGE_LOOP_ANALYSIS = YES;
				CLANG_WARN_STRICT_PROTOTYPES = YES;
				CLANG_WARN_SUSPICIOUS_MOVE = YES;
				CLANG_WARN_UNGUARDED_AVAILABILITY = YES_AGGRESSIVE;
				CLANG_WARN_UNREACHABLE_CODE = YES;
				CLANG_WARN__DUPLICATE_METHOD_MATCH = YES;
				COPY_PHASE_STRIP = NO;
				DEBUG_INFORMATION_FORMAT = "dwarf-with-dsym";
				ENABLE_NS_ASSERTIONS = NO;
				ENABLE_STRICT_OBJC_MSGSEND = YES;
				ENABLE_USER_SCRIPT_SANDBOXING = YES;
				GCC_C_LANGUAGE_STANDARD = gnu17;
				GCC_NO_COMMON_BLOCKS = YES;
				GCC_WARN_64_TO_32_BIT_CONVERSION = YES;
				GCC_WARN_ABOUT_RETURN_TYPE = YES_ERROR;
				GCC_WARN_UNDECLARED_SELECTOR = YES;
				GCC_WARN_UNINITIALIZED_AUTOS = YES_AGGRESSIVE;
				GCC_WARN_UNUSED_FUNCTION = YES;
				GCC_WARN_UNUSED_VARIABLE = YES;
				IPHONEOS_DEPLOYMENT_TARGET = 17.5;
				LOCALIZATION_PREFERS_STRING_CATALOGS = YES;
				MTL_ENABLE_DEBUG_INFO = NO;
				MTL_FAST_MATH = YES;
				SDKROOT = iphoneos;
				SWIFT_COMPILATION_MODE = wholemodule;
				VALIDATE_PRODUCT = YES;
			};
			name = Release;
		};
		288CA9782C249C5B00D8E01E /* Debug */ = {
			isa = XCBuildConfiguration;
			buildSettings = {
				ASSETCATALOG_COMPILER_APPICON_NAME = AppIcon;
				ASSETCATALOG_COMPILER_GLOBAL_ACCENT_COLOR_NAME = AccentColor;
				CODE_SIGN_STYLE = Automatic;
				CURRENT_PROJECT_VERSION = 1;
				DEVELOPMENT_TEAM = BNMNXQ97LQ;
				GENERATE_INFOPLIST_FILE = YES;
				INFOPLIST_FILE = CryptoPaper/Info.plist;
				INFOPLIST_KEY_UIApplicationSupportsIndirectInputEvents = YES;
				INFOPLIST_KEY_UILaunchStoryboardName = LaunchScreen;
				INFOPLIST_KEY_UISupportedInterfaceOrientations_iPad = "UIInterfaceOrientationPortrait UIInterfaceOrientationPortraitUpsideDown UIInterfaceOrientationLandscapeLeft UIInterfaceOrientationLandscapeRight";
				INFOPLIST_KEY_UISupportedInterfaceOrientations_iPhone = "UIInterfaceOrientationPortrait UIInterfaceOrientationLandscapeLeft UIInterfaceOrientationLandscapeRight";
				LD_RUNPATH_SEARCH_PATHS = (
					"$(inherited)",
					"@executable_path/Frameworks",
				);
				MARKETING_VERSION = 1.0;
				PRODUCT_BUNDLE_IDENTIFIER = com.Eduardo.CryptoPaper;
				PRODUCT_NAME = "$(TARGET_NAME)";
				SWIFT_EMIT_LOC_STRINGS = YES;
				SWIFT_VERSION = 5.0;
				TARGETED_DEVICE_FAMILY = "1,2";
			};
			name = Debug;
		};
		288CA9792C249C5B00D8E01E /* Release */ = {
			isa = XCBuildConfiguration;
			buildSettings = {
				ASSETCATALOG_COMPILER_APPICON_NAME = AppIcon;
				ASSETCATALOG_COMPILER_GLOBAL_ACCENT_COLOR_NAME = AccentColor;
				CODE_SIGN_STYLE = Automatic;
				CURRENT_PROJECT_VERSION = 1;
				DEVELOPMENT_TEAM = BNMNXQ97LQ;
				GENERATE_INFOPLIST_FILE = YES;
				INFOPLIST_FILE = CryptoPaper/Info.plist;
				INFOPLIST_KEY_UIApplicationSupportsIndirectInputEvents = YES;
				INFOPLIST_KEY_UILaunchStoryboardName = LaunchScreen;
				INFOPLIST_KEY_UISupportedInterfaceOrientations_iPad = "UIInterfaceOrientationPortrait UIInterfaceOrientationPortraitUpsideDown UIInterfaceOrientationLandscapeLeft UIInterfaceOrientationLandscapeRight";
				INFOPLIST_KEY_UISupportedInterfaceOrientations_iPhone = "UIInterfaceOrientationPortrait UIInterfaceOrientationLandscapeLeft UIInterfaceOrientationLandscapeRight";
				LD_RUNPATH_SEARCH_PATHS = (
					"$(inherited)",
					"@executable_path/Frameworks",
				);
				MARKETING_VERSION = 1.0;
				PRODUCT_BUNDLE_IDENTIFIER = com.Eduardo.CryptoPaper;
				PRODUCT_NAME = "$(TARGET_NAME)";
				SWIFT_EMIT_LOC_STRINGS = YES;
				SWIFT_VERSION = 5.0;
				TARGETED_DEVICE_FAMILY = "1,2";
			};
			name = Release;
		};
		D3DBA20E2C25C04D00C32C7D /* Debug */ = {
			isa = XCBuildConfiguration;
			buildSettings = {
				BUNDLE_LOADER = "$(TEST_HOST)";
				CLANG_ENABLE_MODULES = YES;
				CODE_SIGN_STYLE = Automatic;
				CURRENT_PROJECT_VERSION = 1;
				DEVELOPMENT_TEAM = BNMNXQ97LQ;
				GENERATE_INFOPLIST_FILE = YES;
				MARKETING_VERSION = 1.0;
				PRODUCT_BUNDLE_IDENTIFIER = com.Gabriel.CryptoPaperTests;
				PRODUCT_NAME = "$(TARGET_NAME)";
				SWIFT_EMIT_LOC_STRINGS = NO;
				SWIFT_OPTIMIZATION_LEVEL = "-Onone";
				SWIFT_VERSION = 5.0;
				TARGETED_DEVICE_FAMILY = "1,2";
				TEST_HOST = "$(BUILT_PRODUCTS_DIR)/CryptoPaper.app/$(BUNDLE_EXECUTABLE_FOLDER_PATH)/CryptoPaper";
			};
			name = Debug;
		};
		D3DBA20F2C25C04D00C32C7D /* Release */ = {
			isa = XCBuildConfiguration;
			buildSettings = {
				BUNDLE_LOADER = "$(TEST_HOST)";
				CLANG_ENABLE_MODULES = YES;
				CODE_SIGN_STYLE = Automatic;
				CURRENT_PROJECT_VERSION = 1;
				DEVELOPMENT_TEAM = BNMNXQ97LQ;
				GENERATE_INFOPLIST_FILE = YES;
				MARKETING_VERSION = 1.0;
				PRODUCT_BUNDLE_IDENTIFIER = com.Gabriel.CryptoPaperTests;
				PRODUCT_NAME = "$(TARGET_NAME)";
				SWIFT_EMIT_LOC_STRINGS = NO;
				SWIFT_VERSION = 5.0;
				TARGETED_DEVICE_FAMILY = "1,2";
				TEST_HOST = "$(BUILT_PRODUCTS_DIR)/CryptoPaper.app/$(BUNDLE_EXECUTABLE_FOLDER_PATH)/CryptoPaper";
			};
			name = Release;
		};
/* End XCBuildConfiguration section */

/* Begin XCConfigurationList section */
		288CA95E2C249C5900D8E01E /* Build configuration list for PBXProject "CryptoPaper" */ = {
			isa = XCConfigurationList;
			buildConfigurations = (
				288CA9752C249C5B00D8E01E /* Debug */,
				288CA9762C249C5B00D8E01E /* Release */,
			);
			defaultConfigurationIsVisible = 0;
			defaultConfigurationName = Release;
		};
		288CA9772C249C5B00D8E01E /* Build configuration list for PBXNativeTarget "CryptoPaper" */ = {
			isa = XCConfigurationList;
			buildConfigurations = (
				288CA9782C249C5B00D8E01E /* Debug */,
				288CA9792C249C5B00D8E01E /* Release */,
			);
			defaultConfigurationIsVisible = 0;
			defaultConfigurationName = Release;
		};
		D3DBA20D2C25C04D00C32C7D /* Build configuration list for PBXNativeTarget "CryptoPaperTests" */ = {
			isa = XCConfigurationList;
			buildConfigurations = (
				D3DBA20E2C25C04D00C32C7D /* Debug */,
				D3DBA20F2C25C04D00C32C7D /* Release */,
			);
			defaultConfigurationIsVisible = 0;
			defaultConfigurationName = Release;
		};
/* End XCConfigurationList section */
	};
	rootObject = 288CA95B2C249C5900D8E01E /* Project object */;
}
